
Microsoft Visual Studio Solution File, Format Version 12.00
# Visual Studio Version 17
VisualStudioVersion = 17.2.32526.322
MinimumVisualStudioVersion = 10.0.40219.1
Project("{9A19103F-16F7-4668-BE54-9A1E7A4F7556}") = "Budgetty.Domain", "Budgetty.Domain\Budgetty.Domain.csproj", "{5B22B9BC-A76F-4233-8416-39D872187B4F}"
EndProject
Project("{9A19103F-16F7-4668-BE54-9A1E7A4F7556}") = "Budgetty.Persistance", "Budgetty.Persistance\Budgetty.Persistance.csproj", "{D26E7AD9-2199-4C32-B602-4C0ADFBA784B}"
EndProject
Project("{9A19103F-16F7-4668-BE54-9A1E7A4F7556}") = "Budgetty.Services", "Budgetty.Services\Budgetty.Services.csproj", "{FE5EEA3B-0CFD-4ADA-88E2-34E206C9E410}"
EndProject
Project("{9A19103F-16F7-4668-BE54-9A1E7A4F7556}") = "Budgetty.Mvc", "Budgetty.Mvc\Budgetty.Mvc.csproj", "{ABD67FC7-1285-46BA-B057-BD0D5D1FF5F2}"
EndProject
Global
	GlobalSection(SolutionConfigurationPlatforms) = preSolution
		Debug|Any CPU = Debug|Any CPU
		Release|Any CPU = Release|Any CPU
	EndGlobalSection
	GlobalSection(ProjectConfigurationPlatforms) = postSolution
		{5B22B9BC-A76F-4233-8416-39D872187B4F}.Debug|Any CPU.ActiveCfg = Debug|Any CPU
		{5B22B9BC-A76F-4233-8416-39D872187B4F}.Debug|Any CPU.Build.0 = Debug|Any CPU
		{5B22B9BC-A76F-4233-8416-39D872187B4F}.Release|Any CPU.ActiveCfg = Release|Any CPU
		{5B22B9BC-A76F-4233-8416-39D872187B4F}.Release|Any CPU.Build.0 = Release|Any CPU
		{D26E7AD9-2199-4C32-B602-4C0ADFBA784B}.Debug|Any CPU.ActiveCfg = Debug|Any CPU
		{D26E7AD9-2199-4C32-B602-4C0ADFBA784B}.Debug|Any CPU.Build.0 = Debug|Any CPU
		{D26E7AD9-2199-4C32-B602-4C0ADFBA784B}.Release|Any CPU.ActiveCfg = Release|Any CPU
		{D26E7AD9-2199-4C32-B602-4C0ADFBA784B}.Release|Any CPU.Build.0 = Release|Any CPU
		{FE5EEA3B-0CFD-4ADA-88E2-34E206C9E410}.Debug|Any CPU.ActiveCfg = Debug|Any CPU
		{FE5EEA3B-0CFD-4ADA-88E2-34E206C9E410}.Debug|Any CPU.Build.0 = Debug|Any CPU
		{FE5EEA3B-0CFD-4ADA-88E2-34E206C9E410}.Release|Any CPU.ActiveCfg = Release|Any CPU
		{FE5EEA3B-0CFD-4ADA-88E2-34E206C9E410}.Release|Any CPU.Build.0 = Release|Any CPU
		{ABD67FC7-1285-46BA-B057-BD0D5D1FF5F2}.Debug|Any CPU.ActiveCfg = Debug|Any CPU
		{ABD67FC7-1285-46BA-B057-BD0D5D1FF5F2}.Debug|Any CPU.Build.0 = Debug|Any CPU
		{ABD67FC7-1285-46BA-B057-BD0D5D1FF5F2}.Release|Any CPU.ActiveCfg = Release|Any CPU
		{ABD67FC7-1285-46BA-B057-BD0D5D1FF5F2}.Release|Any CPU.Build.0 = Release|Any CPU
	EndGlobalSection
	GlobalSection(SolutionProperties) = preSolution
		HideSolutionNode = FALSE
	EndGlobalSection
	GlobalSection(ExtensibilityGlobals) = postSolution
		SolutionGuid = {4BCC4DE4-FB87-448E-B09E-C2F56E5CD855}
	EndGlobalSection
EndGlobal
